
Microsoft Visual Studio Solution File, Format Version 12.00
# Visual Studio Version 16
VisualStudioVersion = 16.0.32929.386
MinimumVisualStudioVersion = 10.0.40219.1
Project("{FAE04EC0-301F-11D3-BF4B-00C04F79EFBC}") = "PIDtickets.Android", "PIDtickets\PIDtickets.Android\PIDtickets.Android.csproj", "{D85FC9AB-256C-44A4-819C-B7CACECECDA4}"
EndProject
Project("{FAE04EC0-301F-11D3-BF4B-00C04F79EFBC}") = "PIDtickets.iOS", "PIDtickets\PIDtickets.iOS\PIDtickets.iOS.csproj", "{7AE52F15-F265-43DF-9F5F-AE5DD37D0545}"
EndProject
Project("{FAE04EC0-301F-11D3-BF4B-00C04F79EFBC}") = "PIDtickets", "PIDtickets\PIDtickets\PIDtickets.csproj", "{6AED520F-DF25-4530-8D7C-2472118B8E35}"
EndProject
Global
	GlobalSection(SolutionConfigurationPlatforms) = preSolution
		Debug|Any CPU = Debug|Any CPU
		Debug|iPhone = Debug|iPhone
		Debug|iPhoneSimulator = Debug|iPhoneSimulator
		Release|Any CPU = Release|Any CPU
		Release|iPhone = Release|iPhone
		Release|iPhoneSimulator = Release|iPhoneSimulator
	EndGlobalSection
	GlobalSection(ProjectConfigurationPlatforms) = postSolution
		{D85FC9AB-256C-44A4-819C-B7CACECECDA4}.Debug|Any CPU.ActiveCfg = Debug|Any CPU
		{D85FC9AB-256C-44A4-819C-B7CACECECDA4}.Debug|Any CPU.Build.0 = Debug|Any CPU
		{D85FC9AB-256C-44A4-819C-B7CACECECDA4}.Debug|Any CPU.Deploy.0 = Debug|Any CPU
		{D85FC9AB-256C-44A4-819C-B7CACECECDA4}.Debug|iPhone.ActiveCfg = Debug|Any CPU
		{D85FC9AB-256C-44A4-819C-B7CACECECDA4}.Debug|iPhone.Build.0 = Debug|Any CPU
		{D85FC9AB-256C-44A4-819C-B7CACECECDA4}.Debug|iPhone.Deploy.0 = Debug|Any CPU
		{D85FC9AB-256C-44A4-819C-B7CACECECDA4}.Debug|iPhoneSimulator.ActiveCfg = Debug|Any CPU
		{D85FC9AB-256C-44A4-819C-B7CACECECDA4}.Debug|iPhoneSimulator.Build.0 = Debug|Any CPU
		{D85FC9AB-256C-44A4-819C-B7CACECECDA4}.Debug|iPhoneSimulator.Deploy.0 = Debug|Any CPU
		{D85FC9AB-256C-44A4-819C-B7CACECECDA4}.Release|Any CPU.ActiveCfg = Release|Any CPU
		{D85FC9AB-256C-44A4-819C-B7CACECECDA4}.Release|Any CPU.Build.0 = Release|Any CPU
		{D85FC9AB-256C-44A4-819C-B7CACECECDA4}.Release|Any CPU.Deploy.0 = Release|Any CPU
		{D85FC9AB-256C-44A4-819C-B7CACECECDA4}.Release|iPhone.ActiveCfg = Release|Any CPU
		{D85FC9AB-256C-44A4-819C-B7CACECECDA4}.Release|iPhone.Build.0 = Release|Any CPU
		{D85FC9AB-256C-44A4-819C-B7CACECECDA4}.Release|iPhone.Deploy.0 = Release|Any CPU
		{D85FC9AB-256C-44A4-819C-B7CACECECDA4}.Release|iPhoneSimulator.ActiveCfg = Release|Any CPU
		{D85FC9AB-256C-44A4-819C-B7CACECECDA4}.Release|iPhoneSimulator.Build.0 = Release|Any CPU
		{D85FC9AB-256C-44A4-819C-B7CACECECDA4}.Release|iPhoneSimulator.Deploy.0 = Release|Any CPU
		{7AE52F15-F265-43DF-9F5F-AE5DD37D0545}.Debug|Any CPU.ActiveCfg = Debug|iPhone
		{7AE52F15-F265-43DF-9F5F-AE5DD37D0545}.Debug|Any CPU.Build.0 = Debug|iPhone
		{7AE52F15-F265-43DF-9F5F-AE5DD37D0545}.Debug|Any CPU.Deploy.0 = Debug|iPhone
		{7AE52F15-F265-43DF-9F5F-AE5DD37D0545}.Debug|iPhone.ActiveCfg = Debug|iPhone
		{7AE52F15-F265-43DF-9F5F-AE5DD37D0545}.Debug|iPhone.Build.0 = Debug|iPhone
		{7AE52F15-F265-43DF-9F5F-AE5DD37D0545}.Debug|iPhone.Deploy.0 = Debug|iPhone
		{7AE52F15-F265-43DF-9F5F-AE5DD37D0545}.Debug|iPhoneSimulator.ActiveCfg = Debug|iPhoneSimulator
		{7AE52F15-F265-43DF-9F5F-AE5DD37D0545}.Debug|iPhoneSimulator.Build.0 = Debug|iPhoneSimulator
		{7AE52F15-F265-43DF-9F5F-AE5DD37D0545}.Debug|iPhoneSimulator.Deploy.0 = Debug|iPhoneSimulator
		{7AE52F15-F265-43DF-9F5F-AE5DD37D0545}.Release|Any CPU.ActiveCfg = Release|iPhoneSimulator
		{7AE52F15-F265-43DF-9F5F-AE5DD37D0545}.Release|Any CPU.Build.0 = Release|iPhoneSimulator
		{7AE52F15-F265-43DF-9F5F-AE5DD37D0545}.Release|Any CPU.Deploy.0 = Release|iPhoneSimulator
		{7AE52F15-F265-43DF-9F5F-AE5DD37D0545}.Release|iPhone.ActiveCfg = Release|iPhone
		{7AE52F15-F265-43DF-9F5F-AE5DD37D0545}.Release|iPhone.Build.0 = Release|iPhone
		{7AE52F15-F265-43DF-9F5F-AE5DD37D0545}.Release|iPhone.Deploy.0 = Release|iPhone
		{7AE52F15-F265-43DF-9F5F-AE5DD37D0545}.Release|iPhoneSimulator.ActiveCfg = Release|iPhoneSimulator
		{7AE52F15-F265-43DF-9F5F-AE5DD37D0545}.Release|iPhoneSimulator.Build.0 = Release|iPhoneSimulator
		{7AE52F15-F265-43DF-9F5F-AE5DD37D0545}.Release|iPhoneSimulator.Deploy.0 = Release|iPhoneSimulator
		{6AED520F-DF25-4530-8D7C-2472118B8E35}.Debug|Any CPU.ActiveCfg = Debug|Any CPU
		{6AED520F-DF25-4530-8D7C-2472118B8E35}.Debug|Any CPU.Build.0 = Debug|Any CPU
		{6AED520F-DF25-4530-8D7C-2472118B8E35}.Debug|Any CPU.Deploy.0 = Debug|Any CPU
		{6AED520F-DF25-4530-8D7C-2472118B8E35}.Debug|iPhone.ActiveCfg = Debug|Any CPU
		{6AED520F-DF25-4530-8D7C-2472118B8E35}.Debug|iPhone.Build.0 = Debug|Any CPU
		{6AED520F-DF25-4530-8D7C-2472118B8E35}.Debug|iPhone.Deploy.0 = Debug|Any CPU
		{6AED520F-DF25-4530-8D7C-2472118B8E35}.Debug|iPhoneSimulator.ActiveCfg = Debug|Any CPU
		{6AED520F-DF25-4530-8D7C-2472118B8E35}.Debug|iPhoneSimulator.Build.0 = Debug|Any CPU
		{6AED520F-DF25-4530-8D7C-2472118B8E35}.Debug|iPhoneSimulator.Deploy.0 = Debug|Any CPU
		{6AED520F-DF25-4530-8D7C-2472118B8E35}.Release|Any CPU.ActiveCfg = Release|Any CPU
		{6AED520F-DF25-4530-8D7C-2472118B8E35}.Release|Any CPU.Build.0 = Release|Any CPU
		{6AED520F-DF25-4530-8D7C-2472118B8E35}.Release|Any CPU.Deploy.0 = Release|Any CPU
		{6AED520F-DF25-4530-8D7C-2472118B8E35}.Release|iPhone.ActiveCfg = Release|Any CPU
		{6AED520F-DF25-4530-8D7C-2472118B8E35}.Release|iPhone.Build.0 = Release|Any CPU
		{6AED520F-DF25-4530-8D7C-2472118B8E35}.Release|iPhone.Deploy.0 = Release|Any CPU
		{6AED520F-DF25-4530-8D7C-2472118B8E35}.Release|iPhoneSimulator.ActiveCfg = Release|Any CPU
		{6AED520F-DF25-4530-8D7C-2472118B8E35}.Release|iPhoneSimulator.Build.0 = Release|Any CPU
		{6AED520F-DF25-4530-8D7C-2472118B8E35}.Release|iPhoneSimulator.Deploy.0 = Release|Any CPU
	EndGlobalSection
	GlobalSection(SolutionProperties) = preSolution
		HideSolutionNode = FALSE
	EndGlobalSection
	GlobalSection(ExtensibilityGlobals) = postSolution
		SolutionGuid = {88337B80-E62B-48D3-A231-995509DB4272}
	EndGlobalSection
EndGlobal
